// !$*UTF8*$!
{
	archiveVersion = 1;
	classes = {
	};
	objectVersion = 46;
	objects = {

/* Begin PBXBuildFile section */
		444430BA1D59DC0E00D01077 /* RestaurantDetailTableViewCell.swift in Sources */ = {isa = PBXBuildFile; fileRef = 444430B91D59DC0E00D01077 /* RestaurantDetailTableViewCell.swift */; };
		444430BC1D7AC75600D01077 /* ReviewViewController.swift in Sources */ = {isa = PBXBuildFile; fileRef = 444430BB1D7AC75600D01077 /* ReviewViewController.swift */; };
		4475E2451D48A2E600A3FB2E /* AppDelegate.swift in Sources */ = {isa = PBXBuildFile; fileRef = 4475E2441D48A2E600A3FB2E /* AppDelegate.swift */; };
		4475E24A1D48A2E600A3FB2E /* Main.storyboard in Resources */ = {isa = PBXBuildFile; fileRef = 4475E2481D48A2E600A3FB2E /* Main.storyboard */; };
		4475E24C1D48A2E600A3FB2E /* Assets.xcassets in Resources */ = {isa = PBXBuildFile; fileRef = 4475E24B1D48A2E600A3FB2E /* Assets.xcassets */; };
		4475E24F1D48A2E600A3FB2E /* LaunchScreen.storyboard in Resources */ = {isa = PBXBuildFile; fileRef = 4475E24D1D48A2E600A3FB2E /* LaunchScreen.storyboard */; };
		4475E2571D48A38200A3FB2E /* RestaurantTableViewController.swift in Sources */ = {isa = PBXBuildFile; fileRef = 4475E2561D48A38200A3FB2E /* RestaurantTableViewController.swift */; };
		4475E2591D48B86D00A3FB2E /* RestaurantTableViewCell.swift in Sources */ = {isa = PBXBuildFile; fileRef = 4475E2581D48B86D00A3FB2E /* RestaurantTableViewCell.swift */; };
		447DA57A1D5342E900EA0679 /* Restaurant.swift in Sources */ = {isa = PBXBuildFile; fileRef = 447DA5791D5342E900EA0679 /* Restaurant.swift */; };
		44CE1A991D7B12D2006A18DB /* MapKit.framework in Frameworks */ = {isa = PBXBuildFile; fileRef = 44CE1A981D7B12D2006A18DB /* MapKit.framework */; };
		44DF2AAE1D533E47003C0EFB /* RestaurantDetailViewController.swift in Sources */ = {isa = PBXBuildFile; fileRef = 44DF2AAD1D533E47003C0EFB /* RestaurantDetailViewController.swift */; };
/* End PBXBuildFile section */

/* Begin PBXFileReference section */
		444430B91D59DC0E00D01077 /* RestaurantDetailTableViewCell.swift */ = {isa = PBXFileReference; fileEncoding = 4; lastKnownFileType = sourcecode.swift; path = RestaurantDetailTableViewCell.swift; sourceTree = "<group>"; };
		444430BB1D7AC75600D01077 /* ReviewViewController.swift */ = {isa = PBXFileReference; fileEncoding = 4; lastKnownFileType = sourcecode.swift; path = ReviewViewController.swift; sourceTree = "<group>"; };
		4475E2411D48A2E600A3FB2E /* TzuTzu.app */ = {isa = PBXFileReference; explicitFileType = wrapper.application; includeInIndex = 0; path = TzuTzu.app; sourceTree = BUILT_PRODUCTS_DIR; };
		4475E2441D48A2E600A3FB2E /* AppDelegate.swift */ = {isa = PBXFileReference; lastKnownFileType = sourcecode.swift; path = AppDelegate.swift; sourceTree = "<group>"; };
		4475E2491D48A2E600A3FB2E /* Base */ = {isa = PBXFileReference; lastKnownFileType = file.storyboard; name = Base; path = Base.lproj/Main.storyboard; sourceTree = "<group>"; };
		4475E24B1D48A2E600A3FB2E /* Assets.xcassets */ = {isa = PBXFileReference; lastKnownFileType = folder.assetcatalog; path = Assets.xcassets; sourceTree = "<group>"; };
		4475E24E1D48A2E600A3FB2E /* Base */ = {isa = PBXFileReference; lastKnownFileType = file.storyboard; name = Base; path = Base.lproj/LaunchScreen.storyboard; sourceTree = "<group>"; };
		4475E2501D48A2E600A3FB2E /* Info.plist */ = {isa = PBXFileReference; lastKnownFileType = text.plist.xml; path = Info.plist; sourceTree = "<group>"; };
		4475E2561D48A38200A3FB2E /* RestaurantTableViewController.swift */ = {isa = PBXFileReference; fileEncoding = 4; lastKnownFileType = sourcecode.swift; path = RestaurantTableViewController.swift; sourceTree = "<group>"; };
		4475E2581D48B86D00A3FB2E /* RestaurantTableViewCell.swift */ = {isa = PBXFileReference; fileEncoding = 4; lastKnownFileType = sourcecode.swift; path = RestaurantTableViewCell.swift; sourceTree = "<group>"; };
		447DA5791D5342E900EA0679 /* Restaurant.swift */ = {isa = PBXFileReference; fileEncoding = 4; lastKnownFileType = sourcecode.swift; path = Restaurant.swift; sourceTree = "<group>"; };
		44CE1A981D7B12D2006A18DB /* MapKit.framework */ = {isa = PBXFileReference; lastKnownFileType = wrapper.framework; name = MapKit.framework; path = System/Library/Frameworks/MapKit.framework; sourceTree = SDKROOT; };
		44DF2AAD1D533E47003C0EFB /* RestaurantDetailViewController.swift */ = {isa = PBXFileReference; fileEncoding = 4; lastKnownFileType = sourcecode.swift; path = RestaurantDetailViewController.swift; sourceTree = "<group>"; };
/* End PBXFileReference section */

/* Begin PBXFrameworksBuildPhase section */
		4475E23E1D48A2E600A3FB2E /* Frameworks */ = {
			isa = PBXFrameworksBuildPhase;
			buildActionMask = 2147483647;
			files = (
				44CE1A991D7B12D2006A18DB /* MapKit.framework in Frameworks */,
			);
			runOnlyForDeploymentPostprocessing = 0;
		};
/* End PBXFrameworksBuildPhase section */

/* Begin PBXGroup section */
		4475E2381D48A2E600A3FB2E = {
			isa = PBXGroup;
			children = (
				44CE1A981D7B12D2006A18DB /* MapKit.framework */,
				4475E2431D48A2E600A3FB2E /* TzuTzu */,
				4475E2421D48A2E600A3FB2E /* Products */,
			);
			sourceTree = "<group>";
		};
		4475E2421D48A2E600A3FB2E /* Products */ = {
			isa = PBXGroup;
			children = (
				4475E2411D48A2E600A3FB2E /* TzuTzu.app */,
			);
			name = Products;
			sourceTree = "<group>";
		};
		4475E2431D48A2E600A3FB2E /* TzuTzu */ = {
			isa = PBXGroup;
			children = (
				4475E2441D48A2E600A3FB2E /* AppDelegate.swift */,
				4475E2481D48A2E600A3FB2E /* Main.storyboard */,
				4475E24B1D48A2E600A3FB2E /* Assets.xcassets */,
				4475E24D1D48A2E600A3FB2E /* LaunchScreen.storyboard */,
				4475E2501D48A2E600A3FB2E /* Info.plist */,
				4475E2561D48A38200A3FB2E /* RestaurantTableViewController.swift */,
				4475E2581D48B86D00A3FB2E /* RestaurantTableViewCell.swift */,
				44DF2AAD1D533E47003C0EFB /* RestaurantDetailViewController.swift */,
				447DA5791D5342E900EA0679 /* Restaurant.swift */,
				444430B91D59DC0E00D01077 /* RestaurantDetailTableViewCell.swift */,
				444430BB1D7AC75600D01077 /* ReviewViewController.swift */,
			);
			path = TzuTzu;
			sourceTree = "<group>";
		};
/* End PBXGroup section */

/* Begin PBXNativeTarget section */
		4475E2401D48A2E600A3FB2E /* TzuTzu */ = {
			isa = PBXNativeTarget;
			buildConfigurationList = 4475E2531D48A2E600A3FB2E /* Build configuration list for PBXNativeTarget "TzuTzu" */;
			buildPhases = (
				4475E23D1D48A2E600A3FB2E /* Sources */,
				4475E23E1D48A2E600A3FB2E /* Frameworks */,
				4475E23F1D48A2E600A3FB2E /* Resources */,
			);
			buildRules = (
			);
			dependencies = (
			);
			name = TzuTzu;
			productName = TzuTzu;
			productReference = 4475E2411D48A2E600A3FB2E /* TzuTzu.app */;
			productType = "com.apple.product-type.application";
		};
/* End PBXNativeTarget section */

/* Begin PBXProject section */
		4475E2391D48A2E600A3FB2E /* Project object */ = {
			isa = PBXProject;
			attributes = {
				LastSwiftUpdateCheck = 0730;
				LastUpgradeCheck = 0730;
				ORGANIZATIONNAME = "Yi-Chin Hsu";
				TargetAttributes = {
					4475E2401D48A2E600A3FB2E = {
						CreatedOnToolsVersion = 7.3.1;
						DevelopmentTeam = VCPLDP9723;
						SystemCapabilities = {
							com.apple.Maps.iOS = {
								enabled = 1;
							};
						};
					};
				};
			};
			buildConfigurationList = 4475E23C1D48A2E600A3FB2E /* Build configuration list for PBXProject "TzuTzu" */;
			compatibilityVersion = "Xcode 3.2";
			developmentRegion = English;
			hasScannedForEncodings = 0;
			knownRegions = (
				en,
				Base,
			);
			mainGroup = 4475E2381D48A2E600A3FB2E;
			productRefGroup = 4475E2421D48A2E600A3FB2E /* Products */;
			projectDirPath = "";
			projectRoot = "";
			targets = (
				4475E2401D48A2E600A3FB2E /* TzuTzu */,
			);
		};
/* End PBXProject section */

/* Begin PBXResourcesBuildPhase section */
		4475E23F1D48A2E600A3FB2E /* Resources */ = {
			isa = PBXResourcesBuildPhase;
			buildActionMask = 2147483647;
			files = (
				4475E24F1D48A2E600A3FB2E /* LaunchScreen.storyboard in Resources */,
				4475E24C1D48A2E600A3FB2E /* Assets.xcassets in Resources */,
				4475E24A1D48A2E600A3FB2E /* Main.storyboard in Resources */,
			);
			runOnlyForDeploymentPostprocessing = 0;
		};
/* End PBXResourcesBuildPhase section */

/* Begin PBXSourcesBuildPhase section */
		4475E23D1D48A2E600A3FB2E /* Sources */ = {
			isa = PBXSourcesBuildPhase;
			buildActionMask = 2147483647;
			files = (
				447DA57A1D5342E900EA0679 /* Restaurant.swift in Sources */,
				4475E2571D48A38200A3FB2E /* RestaurantTableViewController.swift in Sources */,
				444430BC1D7AC75600D01077 /* ReviewViewController.swift in Sources */,
				4475E2591D48B86D00A3FB2E /* RestaurantTableViewCell.swift in Sources */,
				444430BA1D59DC0E00D01077 /* RestaurantDetailTableViewCell.swift in Sources */,
				44DF2AAE1D533E47003C0EFB /* RestaurantDetailViewController.swift in Sources */,
				4475E2451D48A2E600A3FB2E /* AppDelegate.swift in Sources */,
			);
			runOnlyForDeploymentPostprocessing = 0;
		};
/* End PBXSourcesBuildPhase section */

/* Begin PBXVariantGroup section */
		4475E2481D48A2E600A3FB2E /* Main.storyboard */ = {
			isa = PBXVariantGroup;
			children = (
				4475E2491D48A2E600A3FB2E /* Base */,
			);
			name = Main.storyboard;
			sourceTree = "<group>";
		};
		4475E24D1D48A2E600A3FB2E /* LaunchScreen.storyboard */ = {
			isa = PBXVariantGroup;
			children = (
				4475E24E1D48A2E600A3FB2E /* Base */,
			);
			name = LaunchScreen.storyboard;
			sourceTree = "<group>";
		};
/* End PBXVariantGroup section */

/* Begin XCBuildConfiguration section */
		4475E2511D48A2E600A3FB2E /* Debug */ = {
			isa = XCBuildConfiguration;
			buildSettings = {
				ALWAYS_SEARCH_USER_PATHS = NO;
				CLANG_ANALYZER_NONNULL = YES;
				CLANG_CXX_LANGUAGE_STANDARD = "gnu++0x";
				CLANG_CXX_LIBRARY = "libc++";
				CLANG_ENABLE_MODULES = YES;
				CLANG_ENABLE_OBJC_ARC = YES;
				CLANG_WARN_BOOL_CONVERSION = YES;
				CLANG_WARN_CONSTANT_CONVERSION = YES;
				CLANG_WARN_DIRECT_OBJC_ISA_USAGE = YES_ERROR;
				CLANG_WARN_EMPTY_BODY = YES;
				CLANG_WARN_ENUM_CONVERSION = YES;
				CLANG_WARN_INT_CONVERSION = YES;
				CLANG_WARN_OBJC_ROOT_CLASS = YES_ERROR;
				CLANG_WARN_UNREACHABLE_CODE = YES;
				CLANG_WARN__DUPLICATE_METHOD_MATCH = YES;
				"CODE_SIGN_IDENTITY[sdk=iphoneos*]" = "iPhone Developer";
				COPY_PHASE_STRIP = NO;
				DEBUG_INFORMATION_FORMAT = dwarf;
				ENABLE_STRICT_OBJC_MSGSEND = YES;
				ENABLE_TESTABILITY = YES;
				GCC_C_LANGUAGE_STANDARD = gnu99;
				GCC_DYNAMIC_NO_PIC = NO;
				GCC_NO_COMMON_BLOCKS = YES;
				GCC_OPTIMIZATION_LEVEL = 0;
				GCC_PREPROCESSOR_DEFINITIONS = (
					"DEBUG=1",
					"$(inherited)",
				);
				GCC_WARN_64_TO_32_BIT_CONVERSION = YES;
				GCC_WARN_ABOUT_RETURN_TYPE = YES_ERROR;
				GCC_WARN_UNDECLARED_SELECTOR = YES;
				GCC_WARN_UNINITIALIZED_AUTOS = YES_AGGRESSIVE;
				GCC_WARN_UNUSED_FUNCTION = YES;
				GCC_WARN_UNUSED_VARIABLE = YES;
				IPHONEOS_DEPLOYMENT_TARGET = 9.3;
				MTL_ENABLE_DEBUG_INFO = YES;
				ONLY_ACTIVE_ARCH = YES;
				SDKROOT = iphoneos;
				SWIFT_OPTIMIZATION_LEVEL = "-Onone";
			};
			name = Debug;
		};
		4475E2521D48A2E600A3FB2E /* Release */ = {
			isa = XCBuildConfiguration;
			buildSettings = {
				ALWAYS_SEARCH_USER_PATHS = NO;
				CLANG_ANALYZER_NONNULL = YES;
				CLANG_CXX_LANGUAGE_STANDARD = "gnu++0x";
				CLANG_CXX_LIBRARY = "libc++";
				CLANG_ENABLE_MODULES = YES;
				CLANG_ENABLE_OBJC_ARC = YES;
				CLANG_WARN_BOOL_CONVERSION = YES;
				CLANG_WARN_CONSTANT_CONVERSION = YES;
				CLANG_WARN_DIRECT_OBJC_ISA_USAGE = YES_ERROR;
				CLANG_WARN_EMPTY_BODY = YES;
				CLANG_WARN_ENUM_CONVERSION = YES;
				CLANG_WARN_INT_CONVERSION = YES;
				CLANG_WARN_OBJC_ROOT_CLASS = YES_ERROR;
				CLANG_WARN_UNREACHABLE_CODE = YES;
				CLANG_WARN__DUPLICATE_METHOD_MATCH = YES;
				"CODE_SIGN_IDENTITY[sdk=iphoneos*]" = "iPhone Developer";
				COPY_PHASE_STRIP = NO;
				DEBUG_INFORMATION_FORMAT = "dwarf-with-dsym";
				ENABLE_NS_ASSERTIONS = NO;
				ENABLE_STRICT_OBJC_MSGSEND = YES;
				GCC_C_LANGUAGE_STANDARD = gnu99;
				GCC_NO_COMMON_BLOCKS = YES;
				GCC_WARN_64_TO_32_BIT_CONVERSION = YES;
				GCC_WARN_ABOUT_RETURN_TYPE = YES_ERROR;
				GCC_WARN_UNDECLARED_SELECTOR = YES;
				GCC_WARN_UNINITIALIZED_AUTOS = YES_AGGRESSIVE;
				GCC_WARN_UNUSED_FUNCTION = YES;
				GCC_WARN_UNUSED_VARIABLE = YES;
				IPHONEOS_DEPLOYMENT_TARGET = 9.3;
				MTL_ENABLE_DEBUG_INFO = NO;
				SDKROOT = iphoneos;
				VALIDATE_PRODUCT = YES;
			};
			name = Release;
		};
		4475E2541D48A2E600A3FB2E /* Debug */ = {
			isa = XCBuildConfiguration;
			buildSettings = {
				ASSETCATALOG_COMPILER_APPICON_NAME = AppIcon;
				INFOPLIST_FILE = TzuTzu/Info.plist;
				LD_RUNPATH_SEARCH_PATHS = "$(inherited) @executable_path/Frameworks";
				PRODUCT_BUNDLE_IDENTIFIER = im.TzuTzu;
				PRODUCT_NAME = "$(TARGET_NAME)";
			};
			name = Debug;
		};
		4475E2551D48A2E600A3FB2E /* Release */ = {
			isa = XCBuildConfiguration;
			buildSettings = {
				ASSETCATALOG_COMPILER_APPICON_NAME = AppIcon;
				INFOPLIST_FILE = TzuTzu/Info.plist;
				LD_RUNPATH_SEARCH_PATHS = "$(inherited) @executable_path/Frameworks";
				PRODUCT_BUNDLE_IDENTIFIER = im.TzuTzu;
				PRODUCT_NAME = "$(TARGET_NAME)";
			};
			name = Release;
		};
/* End XCBuildConfiguration section */

/* Begin XCConfigurationList section */
		4475E23C1D48A2E600A3FB2E /* Build configuration list for PBXProject "TzuTzu" */ = {
			isa = XCConfigurationList;
			buildConfigurations = (
				4475E2511D48A2E600A3FB2E /* Debug */,
				4475E2521D48A2E600A3FB2E /* Release */,
			);
			defaultConfigurationIsVisible = 0;
			defaultConfigurationName = Release;
		};
		4475E2531D48A2E600A3FB2E /* Build configuration list for PBXNativeTarget "TzuTzu" */ = {
			isa = XCConfigurationList;
			buildConfigurations = (
				4475E2541D48A2E600A3FB2E /* Debug */,
				4475E2551D48A2E600A3FB2E /* Release */,
			);
			defaultConfigurationIsVisible = 0;
			defaultConfigurationName = Release;
		};
/* End XCConfigurationList section */
	};
	rootObject = 4475E2391D48A2E600A3FB2E /* Project object */;
}
